// !$*UTF8*$!
{
	archiveVersion = 1;
	classes = {
	};
	objectVersion = 46;
	objects = {

/* Begin PBXBuildFile section */
		0C62BDF71DD55F3F008165E4 /* main.m in Sources */ = {isa = PBXBuildFile; fileRef = 0C62BDF61DD55F3F008165E4 /* main.m */; };
		0C62BDFA1DD55F3F008165E4 /* AppDelegate.m in Sources */ = {isa = PBXBuildFile; fileRef = 0C62BDF91DD55F3F008165E4 /* AppDelegate.m */; };
		0C62BDFD1DD55F40008165E4 /* ViewController.m in Sources */ = {isa = PBXBuildFile; fileRef = 0C62BDFC1DD55F40008165E4 /* ViewController.m */; };
		0C62BE001DD55F40008165E4 /* Main.storyboard in Resources */ = {isa = PBXBuildFile; fileRef = 0C62BDFE1DD55F40008165E4 /* Main.storyboard */; };
		0C62BE021DD55F40008165E4 /* Assets.xcassets in Resources */ = {isa = PBXBuildFile; fileRef = 0C62BE011DD55F40008165E4 /* Assets.xcassets */; };
		0C62BE051DD55F40008165E4 /* LaunchScreen.storyboard in Resources */ = {isa = PBXBuildFile; fileRef = 0C62BE031DD55F40008165E4 /* LaunchScreen.storyboard */; };
		4797ADAF90B55C7AFD0BED1E /* Pods_WordPress_iOS_Editor_Extension.framework in Frameworks */ = {isa = PBXBuildFile; fileRef = 543155223E14AC637D73A7ED /* Pods_WordPress_iOS_Editor_Extension.framework */; };
		BE51DE8C1DE5258C00212F3E /* WPImageMetaViewController.m in Sources */ = {isa = PBXBuildFile; fileRef = BE51DE881DE5258C00212F3E /* WPImageMetaViewController.m */; };
		BE51DE8F1DE52C3900212F3E /* content.html in Resources */ = {isa = PBXBuildFile; fileRef = BE51DE8E1DE52C3900212F3E /* content.html */; };
/* End PBXBuildFile section */

/* Begin PBXFileReference section */
		0C62BDF21DD55F3E008165E4 /* WordPress-iOS-Editor-Extension.app */ = {isa = PBXFileReference; explicitFileType = wrapper.application; includeInIndex = 0; path = "WordPress-iOS-Editor-Extension.app"; sourceTree = BUILT_PRODUCTS_DIR; };
		0C62BDF61DD55F3F008165E4 /* main.m */ = {isa = PBXFileReference; lastKnownFileType = sourcecode.c.objc; path = main.m; sourceTree = "<group>"; };
		0C62BDF81DD55F3F008165E4 /* AppDelegate.h */ = {isa = PBXFileReference; lastKnownFileType = sourcecode.c.h; path = AppDelegate.h; sourceTree = "<group>"; };
		0C62BDF91DD55F3F008165E4 /* AppDelegate.m */ = {isa = PBXFileReference; lastKnownFileType = sourcecode.c.objc; path = AppDelegate.m; sourceTree = "<group>"; };
		0C62BDFB1DD55F40008165E4 /* ViewController.h */ = {isa = PBXFileReference; lastKnownFileType = sourcecode.c.h; path = ViewController.h; sourceTree = "<group>"; };
		0C62BDFC1DD55F40008165E4 /* ViewController.m */ = {isa = PBXFileReference; lastKnownFileType = sourcecode.c.objc; path = ViewController.m; sourceTree = "<group>"; };
		0C62BDFF1DD55F40008165E4 /* Base */ = {isa = PBXFileReference; lastKnownFileType = file.storyboard; name = Base; path = Base.lproj/Main.storyboard; sourceTree = "<group>"; };
		0C62BE011DD55F40008165E4 /* Assets.xcassets */ = {isa = PBXFileReference; lastKnownFileType = folder.assetcatalog; path = Assets.xcassets; sourceTree = "<group>"; };
		0C62BE041DD55F40008165E4 /* Base */ = {isa = PBXFileReference; lastKnownFileType = file.storyboard; name = Base; path = Base.lproj/LaunchScreen.storyboard; sourceTree = "<group>"; };
		0C62BE061DD55F40008165E4 /* Info.plist */ = {isa = PBXFileReference; lastKnownFileType = text.plist.xml; path = Info.plist; sourceTree = "<group>"; };
		5279BE5A95384A7FAA1F5187 /* Pods-WordPress-iOS-Editor-Extension.debug.xcconfig */ = {isa = PBXFileReference; includeInIndex = 1; lastKnownFileType = text.xcconfig; name = "Pods-WordPress-iOS-Editor-Extension.debug.xcconfig"; path = "Pods/Target Support Files/Pods-WordPress-iOS-Editor-Extension/Pods-WordPress-iOS-Editor-Extension.debug.xcconfig"; sourceTree = "<group>"; };
		543155223E14AC637D73A7ED /* Pods_WordPress_iOS_Editor_Extension.framework */ = {isa = PBXFileReference; explicitFileType = wrapper.framework; includeInIndex = 0; path = Pods_WordPress_iOS_Editor_Extension.framework; sourceTree = BUILT_PRODUCTS_DIR; };
		BE51DE871DE5258C00212F3E /* WPImageMetaViewController.h */ = {isa = PBXFileReference; fileEncoding = 4; lastKnownFileType = sourcecode.c.h; path = WPImageMetaViewController.h; sourceTree = "<group>"; };
		BE51DE881DE5258C00212F3E /* WPImageMetaViewController.m */ = {isa = PBXFileReference; fileEncoding = 4; lastKnownFileType = sourcecode.c.objc; path = WPImageMetaViewController.m; sourceTree = "<group>"; };
		BE51DE8E1DE52C3900212F3E /* content.html */ = {isa = PBXFileReference; fileEncoding = 4; lastKnownFileType = text.html; path = content.html; sourceTree = "<group>"; };
		EC2615B8ED1E07022BCEAB7F /* Pods-WordPress-iOS-Editor-Extension.release.xcconfig */ = {isa = PBXFileReference; includeInIndex = 1; lastKnownFileType = text.xcconfig; name = "Pods-WordPress-iOS-Editor-Extension.release.xcconfig"; path = "Pods/Target Support Files/Pods-WordPress-iOS-Editor-Extension/Pods-WordPress-iOS-Editor-Extension.release.xcconfig"; sourceTree = "<group>"; };
/* End PBXFileReference section */

/* Begin PBXFrameworksBuildPhase section */
		0C62BDEF1DD55F3E008165E4 /* Frameworks */ = {
			isa = PBXFrameworksBuildPhase;
			buildActionMask = 2147483647;
			files = (
				4797ADAF90B55C7AFD0BED1E /* Pods_WordPress_iOS_Editor_Extension.framework in Frameworks */,
			);
			runOnlyForDeploymentPostprocessing = 0;
		};
/* End PBXFrameworksBuildPhase section */

/* Begin PBXGroup section */
		0C62BDE91DD55F3E008165E4 = {
			isa = PBXGroup;
			children = (
				0C62BDF41DD55F3E008165E4 /* WordPress-iOS-Editor-Extension */,
				0C62BDF31DD55F3E008165E4 /* Products */,
				50A53E4C376A611709A17650 /* Pods */,
				E28C6741542A9F34A248ECCD /* Frameworks */,
			);
			sourceTree = "<group>";
		};
		0C62BDF31DD55F3E008165E4 /* Products */ = {
			isa = PBXGroup;
			children = (
				0C62BDF21DD55F3E008165E4 /* WordPress-iOS-Editor-Extension.app */,
			);
			name = Products;
			sourceTree = "<group>";
		};
		0C62BDF41DD55F3E008165E4 /* WordPress-iOS-Editor-Extension */ = {
			isa = PBXGroup;
			children = (
				0C62BDF81DD55F3F008165E4 /* AppDelegate.h */,
				0C62BDF91DD55F3F008165E4 /* AppDelegate.m */,
				BE51DE8E1DE52C3900212F3E /* content.html */,
				0C62BDFB1DD55F40008165E4 /* ViewController.h */,
				0C62BDFC1DD55F40008165E4 /* ViewController.m */,
				BE51DE871DE5258C00212F3E /* WPImageMetaViewController.h */,
				BE51DE881DE5258C00212F3E /* WPImageMetaViewController.m */,
				0C62BDFE1DD55F40008165E4 /* Main.storyboard */,
				0C62BE011DD55F40008165E4 /* Assets.xcassets */,
				0C62BE031DD55F40008165E4 /* LaunchScreen.storyboard */,
				0C62BE061DD55F40008165E4 /* Info.plist */,
				0C62BDF51DD55F3F008165E4 /* Supporting Files */,
			);
			path = "WordPress-iOS-Editor-Extension";
			sourceTree = "<group>";
		};
		0C62BDF51DD55F3F008165E4 /* Supporting Files */ = {
			isa = PBXGroup;
			children = (
				0C62BDF61DD55F3F008165E4 /* main.m */,
			);
			name = "Supporting Files";
			sourceTree = "<group>";
		};
		50A53E4C376A611709A17650 /* Pods */ = {
			isa = PBXGroup;
			children = (
				5279BE5A95384A7FAA1F5187 /* Pods-WordPress-iOS-Editor-Extension.debug.xcconfig */,
				EC2615B8ED1E07022BCEAB7F /* Pods-WordPress-iOS-Editor-Extension.release.xcconfig */,
			);
			name = Pods;
			sourceTree = "<group>";
		};
		E28C6741542A9F34A248ECCD /* Frameworks */ = {
			isa = PBXGroup;
			children = (
				543155223E14AC637D73A7ED /* Pods_WordPress_iOS_Editor_Extension.framework */,
			);
			name = Frameworks;
			sourceTree = "<group>";
		};
/* End PBXGroup section */

/* Begin PBXNativeTarget section */
		0C62BDF11DD55F3E008165E4 /* WordPress-iOS-Editor-Extension */ = {
			isa = PBXNativeTarget;
			buildConfigurationList = 0C62BE091DD55F40008165E4 /* Build configuration list for PBXNativeTarget "WordPress-iOS-Editor-Extension" */;
			buildPhases = (
				79220254BF6D0AFA2F650364 /* [CP] Check Pods Manifest.lock */,
				0C62BDEE1DD55F3E008165E4 /* Sources */,
				0C62BDEF1DD55F3E008165E4 /* Frameworks */,
				0C62BDF01DD55F3E008165E4 /* Resources */,
				6A5CAB9A72F3871D52064B6A /* [CP] Embed Pods Frameworks */,
				CE5F4551B044F663274EB84F /* [CP] Copy Pods Resources */,
			);
			buildRules = (
			);
			dependencies = (
			);
			name = "WordPress-iOS-Editor-Extension";
			productName = "WordPress-iOS-Editor-Extension";
			productReference = 0C62BDF21DD55F3E008165E4 /* WordPress-iOS-Editor-Extension.app */;
			productType = "com.apple.product-type.application";
		};
/* End PBXNativeTarget section */

/* Begin PBXProject section */
		0C62BDEA1DD55F3E008165E4 /* Project object */ = {
			isa = PBXProject;
			attributes = {
				LastUpgradeCheck = 0810;
				ORGANIZATIONNAME = Jvaeyhcd;
				TargetAttributes = {
					0C62BDF11DD55F3E008165E4 = {
						CreatedOnToolsVersion = 8.1;
						ProvisioningStyle = Automatic;
					};
				};
			};
			buildConfigurationList = 0C62BDED1DD55F3E008165E4 /* Build configuration list for PBXProject "WordPress-iOS-Editor-Extension" */;
			compatibilityVersion = "Xcode 3.2";
			developmentRegion = English;
			hasScannedForEncodings = 0;
			knownRegions = (
				en,
				Base,
			);
			mainGroup = 0C62BDE91DD55F3E008165E4;
			productRefGroup = 0C62BDF31DD55F3E008165E4 /* Products */;
			projectDirPath = "";
			projectRoot = "";
			targets = (
				0C62BDF11DD55F3E008165E4 /* WordPress-iOS-Editor-Extension */,
			);
		};
/* End PBXProject section */

/* Begin PBXResourcesBuildPhase section */
		0C62BDF01DD55F3E008165E4 /* Resources */ = {
			isa = PBXResourcesBuildPhase;
			buildActionMask = 2147483647;
			files = (
				0C62BE051DD55F40008165E4 /* LaunchScreen.storyboard in Resources */,
				0C62BE021DD55F40008165E4 /* Assets.xcassets in Resources */,
				BE51DE8F1DE52C3900212F3E /* content.html in Resources */,
				0C62BE001DD55F40008165E4 /* Main.storyboard in Resources */,
			);
			runOnlyForDeploymentPostprocessing = 0;
		};
/* End PBXResourcesBuildPhase section */

/* Begin PBXShellScriptBuildPhase section */
		6A5CAB9A72F3871D52064B6A /* [CP] Embed Pods Frameworks */ = {
			isa = PBXShellScriptBuildPhase;
			buildActionMask = 2147483647;
			files = (
			);
			inputPaths = (
			);
			name = "[CP] Embed Pods Frameworks";
			outputPaths = (
			);
			runOnlyForDeploymentPostprocessing = 0;
			shellPath = /bin/sh;
			shellScript = "\"${SRCROOT}/Pods/Target Support Files/Pods-WordPress-iOS-Editor-Extension/Pods-WordPress-iOS-Editor-Extension-frameworks.sh\"\n";
			showEnvVarsInLog = 0;
		};
		79220254BF6D0AFA2F650364 /* [CP] Check Pods Manifest.lock */ = {
			isa = PBXShellScriptBuildPhase;
			buildActionMask = 2147483647;
			files = (
			);
			inputPaths = (
			);
			name = "[CP] Check Pods Manifest.lock";
			outputPaths = (
			);
			runOnlyForDeploymentPostprocessing = 0;
			shellPath = /bin/sh;
			shellScript = "diff \"${PODS_ROOT}/../Podfile.lock\" \"${PODS_ROOT}/Manifest.lock\" > /dev/null\nif [ $? != 0 ] ; then\n    # print error to STDERR\n    echo \"error: The sandbox is not in sync with the Podfile.lock. Run 'pod install' or update your CocoaPods installation.\" >&2\n    exit 1\nfi\n";
			showEnvVarsInLog = 0;
		};
		CE5F4551B044F663274EB84F /* [CP] Copy Pods Resources */ = {
			isa = PBXShellScriptBuildPhase;
			buildActionMask = 2147483647;
			files = (
			);
			inputPaths = (
			);
			name = "[CP] Copy Pods Resources";
			outputPaths = (
			);
			runOnlyForDeploymentPostprocessing = 0;
			shellPath = /bin/sh;
			shellScript = "\"${SRCROOT}/Pods/Target Support Files/Pods-WordPress-iOS-Editor-Extension/Pods-WordPress-iOS-Editor-Extension-resources.sh\"\n";
			showEnvVarsInLog = 0;
		};
/* End PBXShellScriptBuildPhase section */

/* Begin PBXSourcesBuildPhase section */
		0C62BDEE1DD55F3E008165E4 /* Sources */ = {
			isa = PBXSourcesBuildPhase;
			buildActionMask = 2147483647;
			files = (
				0C62BDFD1DD55F40008165E4 /* ViewController.m in Sources */,
				0C62BDFA1DD55F3F008165E4 /* AppDelegate.m in Sources */,
				BE51DE8C1DE5258C00212F3E /* WPImageMetaViewController.m in Sources */,
				0C62BDF71DD55F3F008165E4 /* main.m in Sources */,
			);
			runOnlyForDeploymentPostprocessing = 0;
		};
/* End PBXSourcesBuildPhase section */

/* Begin PBXVariantGroup section */
		0C62BDFE1DD55F40008165E4 /* Main.storyboard */ = {
			isa = PBXVariantGroup;
			children = (
				0C62BDFF1DD55F40008165E4 /* Base */,
			);
			name = Main.storyboard;
			sourceTree = "<group>";
		};
		0C62BE031DD55F40008165E4 /* LaunchScreen.storyboard */ = {
			isa = PBXVariantGroup;
			children = (
				0C62BE041DD55F40008165E4 /* Base */,
			);
			name = LaunchScreen.storyboard;
			sourceTree = "<group>";
		};
/* End PBXVariantGroup section */

/* Begin XCBuildConfiguration section */
		0C62BE071DD55F40008165E4 /* Debug */ = {
			isa = XCBuildConfiguration;
			buildSettings = {
				ALWAYS_SEARCH_USER_PATHS = NO;
				CLANG_ANALYZER_NONNULL = YES;
				CLANG_CXX_LANGUAGE_STANDARD = "gnu++0x";
				CLANG_CXX_LIBRARY = "libc++";
				CLANG_ENABLE_MODULES = YES;
				CLANG_ENABLE_OBJC_ARC = YES;
				CLANG_WARN_BOOL_CONVERSION = YES;
				CLANG_WARN_CONSTANT_CONVERSION = YES;
				CLANG_WARN_DIRECT_OBJC_ISA_USAGE = YES_ERROR;
				CLANG_WARN_DOCUMENTATION_COMMENTS = YES;
				CLANG_WARN_EMPTY_BODY = YES;
				CLANG_WARN_ENUM_CONVERSION = YES;
				CLANG_WARN_INFINITE_RECURSION = YES;
				CLANG_WARN_INT_CONVERSION = YES;
				CLANG_WARN_OBJC_ROOT_CLASS = YES_ERROR;
				CLANG_WARN_SUSPICIOUS_MOVES = YES;
				CLANG_WARN_UNREACHABLE_CODE = YES;
				CLANG_WARN__DUPLICATE_METHOD_MATCH = YES;
				"CODE_SIGN_IDENTITY[sdk=iphoneos*]" = "iPhone Developer";
				COPY_PHASE_STRIP = NO;
				DEBUG_INFORMATION_FORMAT = dwarf;
				ENABLE_STRICT_OBJC_MSGSEND = YES;
				ENABLE_TESTABILITY = YES;
				GCC_C_LANGUAGE_STANDARD = gnu99;
				GCC_DYNAMIC_NO_PIC = NO;
				GCC_NO_COMMON_BLOCKS = YES;
				GCC_OPTIMIZATION_LEVEL = 0;
				GCC_PREPROCESSOR_DEFINITIONS = (
					"DEBUG=1",
					"$(inherited)",
				);
				GCC_WARN_64_TO_32_BIT_CONVERSION = YES;
				GCC_WARN_ABOUT_RETURN_TYPE = YES_ERROR;
				GCC_WARN_UNDECLARED_SELECTOR = YES;
				GCC_WARN_UNINITIALIZED_AUTOS = YES_AGGRESSIVE;
				GCC_WARN_UNUSED_FUNCTION = YES;
				GCC_WARN_UNUSED_VARIABLE = YES;
				IPHONEOS_DEPLOYMENT_TARGET = 10.1;
				MTL_ENABLE_DEBUG_INFO = YES;
				ONLY_ACTIVE_ARCH = YES;
				SDKROOT = iphoneos;
			};
			name = Debug;
		};
		0C62BE081DD55F40008165E4 /* Release */ = {
			isa = XCBuildConfiguration;
			buildSettings = {
				ALWAYS_SEARCH_USER_PATHS = NO;
				CLANG_ANALYZER_NONNULL = YES;
				CLANG_CXX_LANGUAGE_STANDARD = "gnu++0x";
				CLANG_CXX_LIBRARY = "libc++";
				CLANG_ENABLE_MODULES = YES;
				CLANG_ENABLE_OBJC_ARC = YES;
				CLANG_WARN_BOOL_CONVERSION = YES;
				CLANG_WARN_CONSTANT_CONVERSION = YES;
				CLANG_WARN_DIRECT_OBJC_ISA_USAGE = YES_ERROR;
				CLANG_WARN_DOCUMENTATION_COMMENTS = YES;
				CLANG_WARN_EMPTY_BODY = YES;
				CLANG_WARN_ENUM_CONVERSION = YES;
				CLANG_WARN_INFINITE_RECURSION = YES;
				CLANG_WARN_INT_CONVERSION = YES;
				CLANG_WARN_OBJC_ROOT_CLASS = YES_ERROR;
				CLANG_WARN_SUSPICIOUS_MOVES = YES;
				CLANG_WARN_UNREACHABLE_CODE = YES;
				CLANG_WARN__DUPLICATE_METHOD_MATCH = YES;
				"CODE_SIGN_IDENTITY[sdk=iphoneos*]" = "iPhone Developer";
				COPY_PHASE_STRIP = NO;
				DEBUG_INFORMATION_FORMAT = "dwarf-with-dsym";
				ENABLE_NS_ASSERTIONS = NO;
				ENABLE_STRICT_OBJC_MSGSEND = YES;
				GCC_C_LANGUAGE_STANDARD = gnu99;
				GCC_NO_COMMON_BLOCKS = YES;
				GCC_WARN_64_TO_32_BIT_CONVERSION = YES;
				GCC_WARN_ABOUT_RETURN_TYPE = YES_ERROR;
				GCC_WARN_UNDECLARED_SELECTOR = YES;
				GCC_WARN_UNINITIALIZED_AUTOS = YES_AGGRESSIVE;
				GCC_WARN_UNUSED_FUNCTION = YES;
				GCC_WARN_UNUSED_VARIABLE = YES;
				IPHONEOS_DEPLOYMENT_TARGET = 10.1;
				MTL_ENABLE_DEBUG_INFO = NO;
				SDKROOT = iphoneos;
				VALIDATE_PRODUCT = YES;
			};
			name = Release;
		};
		0C62BE0A1DD55F40008165E4 /* Debug */ = {
			isa = XCBuildConfiguration;
			baseConfigurationReference = 5279BE5A95384A7FAA1F5187 /* Pods-WordPress-iOS-Editor-Extension.debug.xcconfig */;
			buildSettings = {
				ASSETCATALOG_COMPILER_APPICON_NAME = AppIcon;
				INFOPLIST_FILE = "WordPress-iOS-Editor-Extension/Info.plist";
				LD_RUNPATH_SEARCH_PATHS = "$(inherited) @executable_path/Frameworks";
				PRODUCT_BUNDLE_IDENTIFIER = "cc.jvaeyhcd.WordPress-iOS-Editor-Extension";
				PRODUCT_NAME = "$(TARGET_NAME)";
			};
			name = Debug;
		};
		0C62BE0B1DD55F40008165E4 /* Release */ = {
			isa = XCBuildConfiguration;
			baseConfigurationReference = EC2615B8ED1E07022BCEAB7F /* Pods-WordPress-iOS-Editor-Extension.release.xcconfig */;
			buildSettings = {
				ASSETCATALOG_COMPILER_APPICON_NAME = AppIcon;
				INFOPLIST_FILE = "WordPress-iOS-Editor-Extension/Info.plist";
				LD_RUNPATH_SEARCH_PATHS = "$(inherited) @executable_path/Frameworks";
				PRODUCT_BUNDLE_IDENTIFIER = "cc.jvaeyhcd.WordPress-iOS-Editor-Extension";
				PRODUCT_NAME = "$(TARGET_NAME)";
			};
			name = Release;
		};
/* End XCBuildConfiguration section */

/* Begin XCConfigurationList section */
		0C62BDED1DD55F3E008165E4 /* Build configuration list for PBXProject "WordPress-iOS-Editor-Extension" */ = {
			isa = XCConfigurationList;
			buildConfigurations = (
				0C62BE071DD55F40008165E4 /* Debug */,
				0C62BE081DD55F40008165E4 /* Release */,
			);
			defaultConfigurationIsVisible = 0;
			defaultConfigurationName = Release;
		};
		0C62BE091DD55F40008165E4 /* Build configuration list for PBXNativeTarget "WordPress-iOS-Editor-Extension" */ = {
			isa = XCConfigurationList;
			buildConfigurations = (
				0C62BE0A1DD55F40008165E4 /* Debug */,
				0C62BE0B1DD55F40008165E4 /* Release */,
			);
			defaultConfigurationIsVisible = 0;
			defaultConfigurationName = Release;
		};
/* End XCConfigurationList section */
	};
	rootObject = 0C62BDEA1DD55F3E008165E4 /* Project object */;
}
